
Microsoft Visual Studio Solution File, Format Version 12.00
# Visual Studio 15
VisualStudioVersion = 15.0.26228.12
MinimumVisualStudioVersion = 10.0.40219.1
Project("{FAE04EC0-301F-11D3-BF4B-00C04F79EFBC}") = "FastFoodProject", "FastFoodProject\FastFoodProject.csproj", "{BCB6DC15-21D0-403B-B6A7-3EA81FAF713E}"
EndProject
Project("{FAE04EC0-301F-11D3-BF4B-00C04F79EFBC}") = "FastFood.DALC", "FastFood.DALC\FastFood.DALC.csproj", "{0505A305-A929-450E-BB3A-7A4CC7FB0419}"
EndProject
Project("{FAE04EC0-301F-11D3-BF4B-00C04F79EFBC}") = "FastFood.Negocio", "FastFood.Negocio\FastFood.Negocio.csproj", "{CD41AD60-B026-45EC-B445-91AC6EA29400}"
EndProject
Global
	GlobalSection(SolutionConfigurationPlatforms) = preSolution
		Debug|Any CPU = Debug|Any CPU
		Release|Any CPU = Release|Any CPU
	EndGlobalSection
	GlobalSection(ProjectConfigurationPlatforms) = postSolution
		{BCB6DC15-21D0-403B-B6A7-3EA81FAF713E}.Debug|Any CPU.ActiveCfg = Debug|Any CPU
		{BCB6DC15-21D0-403B-B6A7-3EA81FAF713E}.Debug|Any CPU.Build.0 = Debug|Any CPU
		{BCB6DC15-21D0-403B-B6A7-3EA81FAF713E}.Release|Any CPU.ActiveCfg = Release|Any CPU
		{BCB6DC15-21D0-403B-B6A7-3EA81FAF713E}.Release|Any CPU.Build.0 = Release|Any CPU
		{0505A305-A929-450E-BB3A-7A4CC7FB0419}.Debug|Any CPU.ActiveCfg = Debug|Any CPU
		{0505A305-A929-450E-BB3A-7A4CC7FB0419}.Debug|Any CPU.Build.0 = Debug|Any CPU
		{0505A305-A929-450E-BB3A-7A4CC7FB0419}.Release|Any CPU.ActiveCfg = Release|Any CPU
		{0505A305-A929-450E-BB3A-7A4CC7FB0419}.Release|Any CPU.Build.0 = Release|Any CPU
		{CD41AD60-B026-45EC-B445-91AC6EA29400}.Debug|Any CPU.ActiveCfg = Debug|Any CPU
		{CD41AD60-B026-45EC-B445-91AC6EA29400}.Debug|Any CPU.Build.0 = Debug|Any CPU
		{CD41AD60-B026-45EC-B445-91AC6EA29400}.Release|Any CPU.ActiveCfg = Release|Any CPU
		{CD41AD60-B026-45EC-B445-91AC6EA29400}.Release|Any CPU.Build.0 = Release|Any CPU
	EndGlobalSection
	GlobalSection(SolutionProperties) = preSolution
		HideSolutionNode = FALSE
	EndGlobalSection
EndGlobal
